// !$*UTF8*$!
{
	archiveVersion = 1;
	classes = {
	};
	objectVersion = 50;
	objects = {

/* Begin PBXBuildFile section */
		36E063AD2523E25200CCC13B /* PlaygroundVC.swift in Sources */ = {isa = PBXBuildFile; fileRef = 36E063AC2523E25200CCC13B /* PlaygroundVC.swift */; };
		6ADB075A24ADDB0C0010A817 /* AppDelegate.swift in Sources */ = {isa = PBXBuildFile; fileRef = 6ADB075924ADDB0C0010A817 /* AppDelegate.swift */; };
		6ADB075C24ADDB0C0010A817 /* SceneDelegate.swift in Sources */ = {isa = PBXBuildFile; fileRef = 6ADB075B24ADDB0C0010A817 /* SceneDelegate.swift */; };
		6ADB075E24ADDB0C0010A817 /* ViewController.swift in Sources */ = {isa = PBXBuildFile; fileRef = 6ADB075D24ADDB0C0010A817 /* ViewController.swift */; };
		6ADB076124ADDB0C0010A817 /* Main.storyboard in Resources */ = {isa = PBXBuildFile; fileRef = 6ADB075F24ADDB0C0010A817 /* Main.storyboard */; };
		6ADB076324ADDB0C0010A817 /* Assets.xcassets in Resources */ = {isa = PBXBuildFile; fileRef = 6ADB076224ADDB0C0010A817 /* Assets.xcassets */; };
		6ADB076624ADDB0C0010A817 /* LaunchScreen.storyboard in Resources */ = {isa = PBXBuildFile; fileRef = 6ADB076424ADDB0C0010A817 /* LaunchScreen.storyboard */; };
		6ADB07DA24AED8220010A817 /* cute.mp4 in Resources */ = {isa = PBXBuildFile; fileRef = 6ADB07D924AED8220010A817 /* cute.mp4 */; };
		6ADB07DD24AEDC3B0010A817 /* MetalVideoProcess.framework in Frameworks */ = {isa = PBXBuildFile; fileRef = 6ADB079224ADDBB70010A817 /* MetalVideoProcess.framework */; };
		6ADB07DE24AEDC3B0010A817 /* MetalVideoProcess.framework in Embed Frameworks */ = {isa = PBXBuildFile; fileRef = 6ADB079224ADDBB70010A817 /* MetalVideoProcess.framework */; settings = {ATTRIBUTES = (CodeSignOnCopy, RemoveHeadersOnCopy, ); }; };
		6ADB07E224AEDD5A0010A817 /* 853.mp4 in Resources */ = {isa = PBXBuildFile; fileRef = 6ADB07DB24AED8910010A817 /* 853.mp4 */; };
/* End PBXBuildFile section */

/* Begin PBXContainerItemProxy section */
		6ADB079124ADDBB70010A817 /* PBXContainerItemProxy */ = {
			isa = PBXContainerItemProxy;
			containerPortal = 6ADB078D24ADDBB70010A817 /* MetalVideoProcess.xcodeproj */;
			proxyType = 2;
			remoteGlobalIDString = 6ADB062424AD885F0010A817;
			remoteInfo = MetalVideoProcess;
		};
		6ADB079324ADDBC30010A817 /* PBXContainerItemProxy */ = {
			isa = PBXContainerItemProxy;
			containerPortal = 6ADB078D24ADDBB70010A817 /* MetalVideoProcess.xcodeproj */;
			proxyType = 1;
			remoteGlobalIDString = 6ADB062324AD885F0010A817;
			remoteInfo = MetalVideoProcess;
		};
/* End PBXContainerItemProxy section */

/* Begin PBXCopyFilesBuildPhase section */
		6ADB07DF24AEDC3B0010A817 /* Embed Frameworks */ = {
			isa = PBXCopyFilesBuildPhase;
			buildActionMask = 2147483647;
			dstPath = "";
			dstSubfolderSpec = 10;
			files = (
				6ADB07DE24AEDC3B0010A817 /* MetalVideoProcess.framework in Embed Frameworks */,
			);
			name = "Embed Frameworks";
			runOnlyForDeploymentPostprocessing = 0;
		};
/* End PBXCopyFilesBuildPhase section */

/* Begin PBXFileReference section */
		36E063AC2523E25200CCC13B /* PlaygroundVC.swift */ = {isa = PBXFileReference; lastKnownFileType = sourcecode.swift; path = PlaygroundVC.swift; sourceTree = "<group>"; };
		6ADB075624ADDB0C0010A817 /* SimpleRealtimeFilterPlayback.app */ = {isa = PBXFileReference; explicitFileType = wrapper.application; includeInIndex = 0; path = SimpleRealtimeFilterPlayback.app; sourceTree = BUILT_PRODUCTS_DIR; };
		6ADB075924ADDB0C0010A817 /* AppDelegate.swift */ = {isa = PBXFileReference; lastKnownFileType = sourcecode.swift; path = AppDelegate.swift; sourceTree = "<group>"; };
		6ADB075B24ADDB0C0010A817 /* SceneDelegate.swift */ = {isa = PBXFileReference; lastKnownFileType = sourcecode.swift; path = SceneDelegate.swift; sourceTree = "<group>"; };
		6ADB075D24ADDB0C0010A817 /* ViewController.swift */ = {isa = PBXFileReference; lastKnownFileType = sourcecode.swift; path = ViewController.swift; sourceTree = "<group>"; };
		6ADB076024ADDB0C0010A817 /* Base */ = {isa = PBXFileReference; lastKnownFileType = file.storyboard; name = Base; path = Base.lproj/Main.storyboard; sourceTree = "<group>"; };
		6ADB076224ADDB0C0010A817 /* Assets.xcassets */ = {isa = PBXFileReference; lastKnownFileType = folder.assetcatalog; path = Assets.xcassets; sourceTree = "<group>"; };
		6ADB076524ADDB0C0010A817 /* Base */ = {isa = PBXFileReference; lastKnownFileType = file.storyboard; name = Base; path = Base.lproj/LaunchScreen.storyboard; sourceTree = "<group>"; };
		6ADB076724ADDB0C0010A817 /* Info.plist */ = {isa = PBXFileReference; lastKnownFileType = text.plist.xml; path = Info.plist; sourceTree = "<group>"; };
		6ADB078D24ADDBB70010A817 /* MetalVideoProcess.xcodeproj */ = {isa = PBXFileReference; lastKnownFileType = "wrapper.pb-project"; name = MetalVideoProcess.xcodeproj; path = ../../MetalVideoProcess.xcodeproj; sourceTree = "<group>"; };
		6ADB07D924AED8220010A817 /* cute.mp4 */ = {isa = PBXFileReference; lastKnownFileType = file; path = cute.mp4; sourceTree = "<group>"; };
		6ADB07DB24AED8910010A817 /* 853.mp4 */ = {isa = PBXFileReference; lastKnownFileType = file; path = 853.mp4; sourceTree = "<group>"; };
/* End PBXFileReference section */

/* Begin PBXFrameworksBuildPhase section */
		6ADB075324ADDB0C0010A817 /* Frameworks */ = {
			isa = PBXFrameworksBuildPhase;
			buildActionMask = 2147483647;
			files = (
				6ADB07DD24AEDC3B0010A817 /* MetalVideoProcess.framework in Frameworks */,
			);
			runOnlyForDeploymentPostprocessing = 0;
		};
/* End PBXFrameworksBuildPhase section */

/* Begin PBXGroup section */
		6ADB074D24ADDB0C0010A817 = {
			isa = PBXGroup;
			children = (
				6ADB078D24ADDBB70010A817 /* MetalVideoProcess.xcodeproj */,
				6ADB075824ADDB0C0010A817 /* SimpleRealtimeFilterPlayback */,
				6ADB075724ADDB0C0010A817 /* Products */,
				6ADB07DC24AEDC3B0010A817 /* Frameworks */,
			);
			sourceTree = "<group>";
		};
		6ADB075724ADDB0C0010A817 /* Products */ = {
			isa = PBXGroup;
			children = (
				6ADB075624ADDB0C0010A817 /* SimpleRealtimeFilterPlayback.app */,
			);
			name = Products;
			sourceTree = "<group>";
		};
		6ADB075824ADDB0C0010A817 /* SimpleRealtimeFilterPlayback */ = {
			isa = PBXGroup;
			children = (
				6ADB075924ADDB0C0010A817 /* AppDelegate.swift */,
				6ADB075B24ADDB0C0010A817 /* SceneDelegate.swift */,
				6ADB075D24ADDB0C0010A817 /* ViewController.swift */,
				36E063AC2523E25200CCC13B /* PlaygroundVC.swift */,
				6ADB075F24ADDB0C0010A817 /* Main.storyboard */,
				6ADB07DB24AED8910010A817 /* 853.mp4 */,
				6ADB07D924AED8220010A817 /* cute.mp4 */,
				6ADB076224ADDB0C0010A817 /* Assets.xcassets */,
				6ADB076424ADDB0C0010A817 /* LaunchScreen.storyboard */,
				6ADB076724ADDB0C0010A817 /* Info.plist */,
			);
			path = SimpleRealtimeFilterPlayback;
			sourceTree = "<group>";
		};
		6ADB078E24ADDBB70010A817 /* Products */ = {
			isa = PBXGroup;
			children = (
				6ADB079224ADDBB70010A817 /* MetalVideoProcess.framework */,
			);
			name = Products;
			sourceTree = "<group>";
		};
		6ADB07DC24AEDC3B0010A817 /* Frameworks */ = {
			isa = PBXGroup;
			children = (
			);
			name = Frameworks;
			sourceTree = "<group>";
		};
/* End PBXGroup section */

/* Begin PBXNativeTarget section */
		6ADB075524ADDB0C0010A817 /* SimpleRealtimeFilterPlayback */ = {
			isa = PBXNativeTarget;
			buildConfigurationList = 6ADB076A24ADDB0C0010A817 /* Build configuration list for PBXNativeTarget "SimpleRealtimeFilterPlayback" */;
			buildPhases = (
				6ADB075224ADDB0C0010A817 /* Sources */,
				6ADB075324ADDB0C0010A817 /* Frameworks */,
				6ADB075424ADDB0C0010A817 /* Resources */,
				6ADB07DF24AEDC3B0010A817 /* Embed Frameworks */,
			);
			buildRules = (
			);
			dependencies = (
				6ADB079424ADDBC30010A817 /* PBXTargetDependency */,
			);
			name = SimpleRealtimeFilterPlayback;
			productName = SimpleRealtimeFilterPlayback;
			productReference = 6ADB075624ADDB0C0010A817 /* SimpleRealtimeFilterPlayback.app */;
			productType = "com.apple.product-type.application";
		};
/* End PBXNativeTarget section */

/* Begin PBXProject section */
		6ADB074E24ADDB0C0010A817 /* Project object */ = {
			isa = PBXProject;
			attributes = {
				LastSwiftUpdateCheck = 1150;
				LastUpgradeCheck = 1150;
				ORGANIZATIONNAME = "RenZhu Macro";
				TargetAttributes = {
					6ADB075524ADDB0C0010A817 = {
						CreatedOnToolsVersion = 11.5;
					};
				};
			};
			buildConfigurationList = 6ADB075124ADDB0C0010A817 /* Build configuration list for PBXProject "SimpleRealtimeFilterPlayback" */;
			compatibilityVersion = "Xcode 9.3";
			developmentRegion = en;
			hasScannedForEncodings = 0;
			knownRegions = (
				en,
				Base,
			);
			mainGroup = 6ADB074D24ADDB0C0010A817;
			productRefGroup = 6ADB075724ADDB0C0010A817 /* Products */;
			projectDirPath = "";
			projectReferences = (
				{
					ProductGroup = 6ADB078E24ADDBB70010A817 /* Products */;
					ProjectRef = 6ADB078D24ADDBB70010A817 /* MetalVideoProcess.xcodeproj */;
				},
			);
			projectRoot = "";
			targets = (
				6ADB075524ADDB0C0010A817 /* SimpleRealtimeFilterPlayback */,
			);
		};
/* End PBXProject section */

/* Begin PBXReferenceProxy section */
		6ADB079224ADDBB70010A817 /* MetalVideoProcess.framework */ = {
			isa = PBXReferenceProxy;
			fileType = wrapper.framework;
			path = MetalVideoProcess.framework;
			remoteRef = 6ADB079124ADDBB70010A817 /* PBXContainerItemProxy */;
			sourceTree = BUILT_PRODUCTS_DIR;
		};
/* End PBXReferenceProxy section */

/* Begin PBXResourcesBuildPhase section */
		6ADB075424ADDB0C0010A817 /* Resources */ = {
			isa = PBXResourcesBuildPhase;
			buildActionMask = 2147483647;
			files = (
				6ADB076624ADDB0C0010A817 /* LaunchScreen.storyboard in Resources */,
				6ADB076324ADDB0C0010A817 /* Assets.xcassets in Resources */,
				6ADB07DA24AED8220010A817 /* cute.mp4 in Resources */,
				6ADB076124ADDB0C0010A817 /* Main.storyboard in Resources */,
				6ADB07E224AEDD5A0010A817 /* 853.mp4 in Resources */,
			);
			runOnlyForDeploymentPostprocessing = 0;
		};
/* End PBXResourcesBuildPhase section */

/* Begin PBXSourcesBuildPhase section */
		6ADB075224ADDB0C0010A817 /* Sources */ = {
			isa = PBXSourcesBuildPhase;
			buildActionMask = 2147483647;
			files = (
				6ADB075E24ADDB0C0010A817 /* ViewController.swift in Sources */,
				6ADB075A24ADDB0C0010A817 /* AppDelegate.swift in Sources */,
				6ADB075C24ADDB0C0010A817 /* SceneDelegate.swift in Sources */,
				36E063AD2523E25200CCC13B /* PlaygroundVC.swift in Sources */,
			);
			runOnlyForDeploymentPostprocessing = 0;
		};
/* End PBXSourcesBuildPhase section */

/* Begin PBXTargetDependency section */
		6ADB079424ADDBC30010A817 /* PBXTargetDependency */ = {
			isa = PBXTargetDependency;
			name = MetalVideoProcess;
			targetProxy = 6ADB079324ADDBC30010A817 /* PBXContainerItemProxy */;
		};
/* End PBXTargetDependency section */

/* Begin PBXVariantGroup section */
		6ADB075F24ADDB0C0010A817 /* Main.storyboard */ = {
			isa = PBXVariantGroup;
			children = (
				6ADB076024ADDB0C0010A817 /* Base */,
			);
			name = Main.storyboard;
			sourceTree = "<group>";
		};
		6ADB076424ADDB0C0010A817 /* LaunchScreen.storyboard */ = {
			isa = PBXVariantGroup;
			children = (
				6ADB076524ADDB0C0010A817 /* Base */,
			);
			name = LaunchScreen.storyboard;
			sourceTree = "<group>";
		};
/* End PBXVariantGroup section */

/* Begin XCBuildConfiguration section */
		6ADB076824ADDB0C0010A817 /* Debug */ = {
			isa = XCBuildConfiguration;
			buildSettings = {
				ALWAYS_SEARCH_USER_PATHS = NO;
				CLANG_ANALYZER_NONNULL = YES;
				CLANG_ANALYZER_NUMBER_OBJECT_CONVERSION = YES_AGGRESSIVE;
				CLANG_CXX_LANGUAGE_STANDARD = "gnu++14";
				CLANG_CXX_LIBRARY = "libc++";
				CLANG_ENABLE_MODULES = YES;
				CLANG_ENABLE_OBJC_ARC = YES;
				CLANG_ENABLE_OBJC_WEAK = YES;
				CLANG_WARN_BLOCK_CAPTURE_AUTORELEASING = YES;
				CLANG_WARN_BOOL_CONVERSION = YES;
				CLANG_WARN_COMMA = YES;
				CLANG_WARN_CONSTANT_CONVERSION = YES;
				CLANG_WARN_DEPRECATED_OBJC_IMPLEMENTATIONS = YES;
				CLANG_WARN_DIRECT_OBJC_ISA_USAGE = YES_ERROR;
				CLANG_WARN_DOCUMENTATION_COMMENTS = YES;
				CLANG_WARN_EMPTY_BODY = YES;
				CLANG_WARN_ENUM_CONVERSION = YES;
				CLANG_WARN_INFINITE_RECURSION = YES;
				CLANG_WARN_INT_CONVERSION = YES;
				CLANG_WARN_NON_LITERAL_NULL_CONVERSION = YES;
				CLANG_WARN_OBJC_IMPLICIT_RETAIN_SELF = YES;
				CLANG_WARN_OBJC_LITERAL_CONVERSION = YES;
				CLANG_WARN_OBJC_ROOT_CLASS = YES_ERROR;
				CLANG_WARN_RANGE_LOOP_ANALYSIS = YES;
				CLANG_WARN_STRICT_PROTOTYPES = YES;
				CLANG_WARN_SUSPICIOUS_MOVE = YES;
				CLANG_WARN_UNGUARDED_AVAILABILITY = YES_AGGRESSIVE;
				CLANG_WARN_UNREACHABLE_CODE = YES;
				CLANG_WARN__DUPLICATE_METHOD_MATCH = YES;
				COPY_PHASE_STRIP = NO;
				DEBUG_INFORMATION_FORMAT = dwarf;
				ENABLE_STRICT_OBJC_MSGSEND = YES;
				ENABLE_TESTABILITY = YES;
				GCC_C_LANGUAGE_STANDARD = gnu11;
				GCC_DYNAMIC_NO_PIC = NO;
				GCC_NO_COMMON_BLOCKS = YES;
				GCC_OPTIMIZATION_LEVEL = 0;
				GCC_PREPROCESSOR_DEFINITIONS = (
					"DEBUG=1",
					"$(inherited)",
				);
				GCC_WARN_64_TO_32_BIT_CONVERSION = YES;
				GCC_WARN_ABOUT_RETURN_TYPE = YES_ERROR;
				GCC_WARN_UNDECLARED_SELECTOR = YES;
				GCC_WARN_UNINITIALIZED_AUTOS = YES_AGGRESSIVE;
				GCC_WARN_UNUSED_FUNCTION = YES;
				GCC_WARN_UNUSED_VARIABLE = YES;
				IPHONEOS_DEPLOYMENT_TARGET = 13.5;
				MTL_ENABLE_DEBUG_INFO = INCLUDE_SOURCE;
				MTL_FAST_MATH = YES;
				ONLY_ACTIVE_ARCH = YES;
				SDKROOT = iphoneos;
				SWIFT_ACTIVE_COMPILATION_CONDITIONS = DEBUG;
				SWIFT_OPTIMIZATION_LEVEL = "-Onone";
			};
			name = Debug;
		};
		6ADB076924ADDB0C0010A817 /* Release */ = {
			isa = XCBuildConfiguration;
			buildSettings = {
				ALWAYS_SEARCH_USER_PATHS = NO;
				CLANG_ANALYZER_NONNULL = YES;
				CLANG_ANALYZER_NUMBER_OBJECT_CONVERSION = YES_AGGRESSIVE;
				CLANG_CXX_LANGUAGE_STANDARD = "gnu++14";
				CLANG_CXX_LIBRARY = "libc++";
				CLANG_ENABLE_MODULES = YES;
				CLANG_ENABLE_OBJC_ARC = YES;
				CLANG_ENABLE_OBJC_WEAK = YES;
				CLANG_WARN_BLOCK_CAPTURE_AUTORELEASING = YES;
				CLANG_WARN_BOOL_CONVERSION = YES;
				CLANG_WARN_COMMA = YES;
				CLANG_WARN_CONSTANT_CONVERSION = YES;
				CLANG_WARN_DEPRECATED_OBJC_IMPLEMENTATIONS = YES;
				CLANG_WARN_DIRECT_OBJC_ISA_USAGE = YES_ERROR;
				CLANG_WARN_DOCUMENTATION_COMMENTS = YES;
				CLANG_WARN_EMPTY_BODY = YES;
				CLANG_WARN_ENUM_CONVERSION = YES;
				CLANG_WARN_INFINITE_RECURSION = YES;
				CLANG_WARN_INT_CONVERSION = YES;
				CLANG_WARN_NON_LITERAL_NULL_CONVERSION = YES;
				CLANG_WARN_OBJC_IMPLICIT_RETAIN_SELF = YES;
				CLANG_WARN_OBJC_LITERAL_CONVERSION = YES;
				CLANG_WARN_OBJC_ROOT_CLASS = YES_ERROR;
				CLANG_WARN_RANGE_LOOP_ANALYSIS = YES;
				CLANG_WARN_STRICT_PROTOTYPES = YES;
				CLANG_WARN_SUSPICIOUS_MOVE = YES;
				CLANG_WARN_UNGUARDED_AVAILABILITY = YES_AGGRESSIVE;
				CLANG_WARN_UNREACHABLE_CODE = YES;
				CLANG_WARN__DUPLICATE_METHOD_MATCH = YES;
				COPY_PHASE_STRIP = NO;
				DEBUG_INFORMATION_FORMAT = "dwarf-with-dsym";
				ENABLE_NS_ASSERTIONS = NO;
				ENABLE_STRICT_OBJC_MSGSEND = YES;
				GCC_C_LANGUAGE_STANDARD = gnu11;
				GCC_NO_COMMON_BLOCKS = YES;
				GCC_WARN_64_TO_32_BIT_CONVERSION = YES;
				GCC_WARN_ABOUT_RETURN_TYPE = YES_ERROR;
				GCC_WARN_UNDECLARED_SELECTOR = YES;
				GCC_WARN_UNINITIALIZED_AUTOS = YES_AGGRESSIVE;
				GCC_WARN_UNUSED_FUNCTION = YES;
				GCC_WARN_UNUSED_VARIABLE = YES;
				IPHONEOS_DEPLOYMENT_TARGET = 13.5;
				MTL_ENABLE_DEBUG_INFO = NO;
				MTL_FAST_MATH = YES;
				SDKROOT = iphoneos;
				SWIFT_COMPILATION_MODE = wholemodule;
				SWIFT_OPTIMIZATION_LEVEL = "-O";
				VALIDATE_PRODUCT = YES;
			};
			name = Release;
		};
		6ADB076B24ADDB0C0010A817 /* Debug */ = {
			isa = XCBuildConfiguration;
			buildSettings = {
				ASSETCATALOG_COMPILER_APPICON_NAME = AppIcon;
				CODE_SIGN_STYLE = Automatic;
				DEVELOPMENT_TEAM = 3BJYKWHMM4;
				INFOPLIST_FILE = SimpleRealtimeFilterPlayback/Info.plist;
				LD_RUNPATH_SEARCH_PATHS = (
					"$(inherited)",
					"@executable_path/Frameworks",
				);
				PRODUCT_BUNDLE_IDENTIFIER = com.wangrenzhu.SimpleRealtimeFilterPlayback;
				PRODUCT_NAME = "$(TARGET_NAME)";
				SWIFT_VERSION = 5.0;
				TARGETED_DEVICE_FAMILY = "1,2";
			};
			name = Debug;
		};
		6ADB076C24ADDB0C0010A817 /* Release */ = {
			isa = XCBuildConfiguration;
			buildSettings = {
				ASSETCATALOG_COMPILER_APPICON_NAME = AppIcon;
				CODE_SIGN_STYLE = Automatic;
				DEVELOPMENT_TEAM = 3BJYKWHMM4;
				INFOPLIST_FILE = SimpleRealtimeFilterPlayback/Info.plist;
				LD_RUNPATH_SEARCH_PATHS = (
					"$(inherited)",
					"@executable_path/Frameworks",
				);
				PRODUCT_BUNDLE_IDENTIFIER = com.wangrenzhu.SimpleRealtimeFilterPlayback;
				PRODUCT_NAME = "$(TARGET_NAME)";
				SWIFT_VERSION = 5.0;
				TARGETED_DEVICE_FAMILY = "1,2";
			};
			name = Release;
		};
/* End XCBuildConfiguration section */

/* Begin XCConfigurationList section */
		6ADB075124ADDB0C0010A817 /* Build configuration list for PBXProject "SimpleRealtimeFilterPlayback" */ = {
			isa = XCConfigurationList;
			buildConfigurations = (
				6ADB076824ADDB0C0010A817 /* Debug */,
				6ADB076924ADDB0C0010A817 /* Release */,
			);
			defaultConfigurationIsVisible = 0;
			defaultConfigurationName = Release;
		};
		6ADB076A24ADDB0C0010A817 /* Build configuration list for PBXNativeTarget "SimpleRealtimeFilterPlayback" */ = {
			isa = XCConfigurationList;
			buildConfigurations = (
				6ADB076B24ADDB0C0010A817 /* Debug */,
				6ADB076C24ADDB0C0010A817 /* Release */,
			);
			defaultConfigurationIsVisible = 0;
			defaultConfigurationName = Release;
		};
/* End XCConfigurationList section */
	};
	rootObject = 6ADB074E24ADDB0C0010A817 /* Project object */;
}
